
Microsoft Visual Studio Solution File, Format Version 12.00
# Visual Studio Version 16
VisualStudioVersion = 16.0.30523.141
MinimumVisualStudioVersion = 10.0.40219.1
Project("{FAE04EC0-301F-11D3-BF4B-00C04F79EFBC}") = "WindowsFormsAppTime", "WindowsFormsAppTime\WindowsFormsAppTime.csproj", "{BC633D1F-88E6-4DBE-92F3-13B4C3D85B8B}"
EndProject
Global
	GlobalSection(SolutionConfigurationPlatforms) = preSolution
		Debug|Any CPU = Debug|Any CPU
		Release|Any CPU = Release|Any CPU
	EndGlobalSection
	GlobalSection(ProjectConfigurationPlatforms) = postSolution
		{BC633D1F-88E6-4DBE-92F3-13B4C3D85B8B}.Debug|Any CPU.ActiveCfg = Debug|Any CPU
		{BC633D1F-88E6-4DBE-92F3-13B4C3D85B8B}.Debug|Any CPU.Build.0 = Debug|Any CPU
		{BC633D1F-88E6-4DBE-92F3-13B4C3D85B8B}.Release|Any CPU.ActiveCfg = Release|Any CPU
		{BC633D1F-88E6-4DBE-92F3-13B4C3D85B8B}.Release|Any CPU.Build.0 = Release|Any CPU
	EndGlobalSection
	GlobalSection(SolutionProperties) = preSolution
		HideSolutionNode = FALSE
	EndGlobalSection
	GlobalSection(ExtensibilityGlobals) = postSolution
		SolutionGuid = {A2099206-D1E0-4828-A812-C3DD29284DA9}
	EndGlobalSection
EndGlobal
